Microsoft Visual Studio Solution File, Format Version 12.00
# Visual Studio Version 17
VisualStudioVersion = 17.5.2.0
MinimumVisualStudioVersion = 10.0.40219.1
Project("{2150E333-8FDC-42A3-9474-1A3956D46DE8}") = "test", "test", "{0C88DD14-F956-CE84-757C-A364CCF449FC}"
EndProject
Project("{2150E333-8FDC-42A3-9474-1A3956D46DE8}") = "src", "src", "{827E0CD3-B72D-47B6-A68D-7590B98EB39B}"
EndProject
Project("{FAE04EC0-301F-11D3-BF4B-00C04F79EFBC}") = "news-lambda.Tests", "test\news-lambda.Tests\news-lambda.Tests.csproj", "{A9796A02-9C7D-715B-A979-7DAAEDD72DC7}"
EndProject
Project("{FAE04EC0-301F-11D3-BF4B-00C04F79EFBC}") = "news-lambda", "src\news-lambda\news-lambda.csproj", "{53A5B49E-F0D6-C8D6-122C-E458F53344E6}"
EndProject
Global
	GlobalSection(SolutionConfigurationPlatforms) = preSolution
		Debug|Any CPU = Debug|Any CPU
		Release|Any CPU = Release|Any CPU
	EndGlobalSection
	GlobalSection(ProjectConfigurationPlatforms) = postSolution
		{A9796A02-9C7D-715B-A979-7DAAEDD72DC7}.Debug|Any CPU.ActiveCfg = Debug|Any CPU
		{A9796A02-9C7D-715B-A979-7DAAEDD72DC7}.Debug|Any CPU.Build.0 = Debug|Any CPU
		{A9796A02-9C7D-715B-A979-7DAAEDD72DC7}.Release|Any CPU.ActiveCfg = Release|Any CPU
		{A9796A02-9C7D-715B-A979-7DAAEDD72DC7}.Release|Any CPU.Build.0 = Release|Any CPU
		{53A5B49E-F0D6-C8D6-122C-E458F53344E6}.Debug|Any CPU.ActiveCfg = Debug|Any CPU
		{53A5B49E-F0D6-C8D6-122C-E458F53344E6}.Debug|Any CPU.Build.0 = Debug|Any CPU
		{53A5B49E-F0D6-C8D6-122C-E458F53344E6}.Release|Any CPU.ActiveCfg = Release|Any CPU
		{53A5B49E-F0D6-C8D6-122C-E458F53344E6}.Release|Any CPU.Build.0 = Release|Any CPU
	EndGlobalSection
	GlobalSection(SolutionProperties) = preSolution
		HideSolutionNode = FALSE
	EndGlobalSection
	GlobalSection(NestedProjects) = preSolution
		{A9796A02-9C7D-715B-A979-7DAAEDD72DC7} = {0C88DD14-F956-CE84-757C-A364CCF449FC}
		{53A5B49E-F0D6-C8D6-122C-E458F53344E6} = {827E0CD3-B72D-47B6-A68D-7590B98EB39B}
	EndGlobalSection
	GlobalSection(ExtensibilityGlobals) = postSolution
		SolutionGuid = {82ED946A-6A3C-42C0-AC4D-447EBFCB76EF}
	EndGlobalSection
EndGlobal
